
Microsoft Visual Studio Solution File, Format Version 12.00
# Visual Studio Version 17
VisualStudioVersion = 17.7.34031.279
MinimumVisualStudioVersion = 10.0.40219.1
Project("{FAE04EC0-301F-11D3-BF4B-00C04F79EFBC}") = "RazorPagesArmator", "RazorPagesArmator\RazorPagesArmator.csproj", "{3147E007-9993-4530-94D6-ACE05AE874B5}"
EndProject
Global
	GlobalSection(SolutionConfigurationPlatforms) = preSolution
		Debug|Any CPU = Debug|Any CPU
		Release|Any CPU = Release|Any CPU
	EndGlobalSection
	GlobalSection(ProjectConfigurationPlatforms) = postSolution
		{3147E007-9993-4530-94D6-ACE05AE874B5}.Debug|Any CPU.ActiveCfg = Debug|Any CPU
		{3147E007-9993-4530-94D6-ACE05AE874B5}.Debug|Any CPU.Build.0 = Debug|Any CPU
		{3147E007-9993-4530-94D6-ACE05AE874B5}.Release|Any CPU.ActiveCfg = Release|Any CPU
		{3147E007-9993-4530-94D6-ACE05AE874B5}.Release|Any CPU.Build.0 = Release|Any CPU
	EndGlobalSection
	GlobalSection(SolutionProperties) = preSolution
		HideSolutionNode = FALSE
	EndGlobalSection
	GlobalSection(ExtensibilityGlobals) = postSolution
		SolutionGuid = {56138902-7C14-4062-AAC7-CC7C3E1088C1}
	EndGlobalSection
EndGlobal
